// !$*UTF8*$!
{
	archiveVersion = 1;
	classes = {
	};
	objectVersion = 77;
	objects = {

/* Begin PBXBuildFile section */
		DD2903BF2E425752007C27AE /* FirebaseAnalytics in Frameworks */ = {isa = PBXBuildFile; productRef = DD2903BE2E425752007C27AE /* FirebaseAnalytics */; };
		DD2903C12E425752007C27AE /* FirebaseAnalyticsCore in Frameworks */ = {isa = PBXBuildFile; productRef = DD2903C02E425752007C27AE /* FirebaseAnalyticsCore */; };
		DD2903C32E425752007C27AE /* FirebaseAnalyticsIdentitySupport in Frameworks */ = {isa = PBXBuildFile; productRef = DD2903C22E425752007C27AE /* FirebaseAnalyticsIdentitySupport */; };
		DD57DBB72E43AC0F008D98E8 /* FirebaseCore in Frameworks */ = {isa = PBXBuildFile; productRef = DD57DBB62E43AC0F008D98E8 /* FirebaseCore */; };
/* End PBXBuildFile section */

/* Begin PBXContainerItemProxy section */
		DD30C93A2E42490B00A65C81 /* PBXContainerItemProxy */ = {
			isa = PBXContainerItemProxy;
			containerPortal = DD30C9242E42490A00A65C81 /* Project object */;
			proxyType = 1;
			remoteGlobalIDString = DD30C92B2E42490A00A65C81;
			remoteInfo = RateMyArt;
		};
		DD30C9442E42490B00A65C81 /* PBXContainerItemProxy */ = {
			isa = PBXContainerItemProxy;
			containerPortal = DD30C9242E42490A00A65C81 /* Project object */;
			proxyType = 1;
			remoteGlobalIDString = DD30C92B2E42490A00A65C81;
			remoteInfo = RateMyArt;
		};
/* End PBXContainerItemProxy section */

/* Begin PBXFileReference section */
		DD30C92C2E42490A00A65C81 /* RateMyArt.app */ = {isa = PBXFileReference; explicitFileType = wrapper.application; includeInIndex = 0; path = RateMyArt.app; sourceTree = BUILT_PRODUCTS_DIR; };
		DD30C9392E42490B00A65C81 /* RateMyArtTests.xctest */ = {isa = PBXFileReference; explicitFileType = wrapper.cfbundle; includeInIndex = 0; path = RateMyArtTests.xctest; sourceTree = BUILT_PRODUCTS_DIR; };
		DD30C9432E42490B00A65C81 /* RateMyArtUITests.xctest */ = {isa = PBXFileReference; explicitFileType = wrapper.cfbundle; includeInIndex = 0; path = RateMyArtUITests.xctest; sourceTree = BUILT_PRODUCTS_DIR; };
/* End PBXFileReference section */

/* Begin PBXFileSystemSynchronizedRootGroup section */
		DD30C92E2E42490A00A65C81 /* RateMyArt */ = {
			isa = PBXFileSystemSynchronizedRootGroup;
			path = RateMyArt;
			sourceTree = "<group>";
		};
		DD30C93C2E42490B00A65C81 /* RateMyArtTests */ = {
			isa = PBXFileSystemSynchronizedRootGroup;
			path = RateMyArtTests;
			sourceTree = "<group>";
		};
		DD30C9462E42490B00A65C81 /* RateMyArtUITests */ = {
			isa = PBXFileSystemSynchronizedRootGroup;
			path = RateMyArtUITests;
			sourceTree = "<group>";
		};
/* End PBXFileSystemSynchronizedRootGroup section */

/* Begin PBXFrameworksBuildPhase section */
		DD30C9292E42490A00A65C81 /* Frameworks */ = {
			isa = PBXFrameworksBuildPhase;
			buildActionMask = 2147483647;
			files = (
				DD2903BF2E425752007C27AE /* FirebaseAnalytics in Frameworks */,
				DD2903C12E425752007C27AE /* FirebaseAnalyticsCore in Frameworks */,
				DD57DBB72E43AC0F008D98E8 /* FirebaseCore in Frameworks */,
				DD2903C32E425752007C27AE /* FirebaseAnalyticsIdentitySupport in Frameworks */,
			);
			runOnlyForDeploymentPostprocessing = 0;
		};
		DD30C9362E42490B00A65C81 /* Frameworks */ = {
			isa = PBXFrameworksBuildPhase;
			buildActionMask = 2147483647;
			files = (
			);
			runOnlyForDeploymentPostprocessing = 0;
		};
		DD30C9402E42490B00A65C81 /* Frameworks */ = {
			isa = PBXFrameworksBuildPhase;
			buildActionMask = 2147483647;
			files = (
			);
			runOnlyForDeploymentPostprocessing = 0;
		};
/* End PBXFrameworksBuildPhase section */

/* Begin PBXGroup section */
		DD30C9232E42490A00A65C81 = {
			isa = PBXGroup;
			children = (
				DD30C92E2E42490A00A65C81 /* RateMyArt */,
				DD30C93C2E42490B00A65C81 /* RateMyArtTests */,
				DD30C9462E42490B00A65C81 /* RateMyArtUITests */,
				DD57DBB52E43AB38008D98E8 /* Frameworks */,
				DD30C92D2E42490A00A65C81 /* Products */,
			);
			sourceTree = "<group>";
		};
		DD30C92D2E42490A00A65C81 /* Products */ = {
			isa = PBXGroup;
			children = (
				DD30C92C2E42490A00A65C81 /* RateMyArt.app */,
				DD30C9392E42490B00A65C81 /* RateMyArtTests.xctest */,
				DD30C9432E42490B00A65C81 /* RateMyArtUITests.xctest */,
			);
			name = Products;
			sourceTree = "<group>";
		};
		DD57DBB52E43AB38008D98E8 /* Frameworks */ = {
			isa = PBXGroup;
			children = (
			);
			name = Frameworks;
			sourceTree = "<group>";
		};
/* End PBXGroup section */

/* Begin PBXNativeTarget section */
		DD30C92B2E42490A00A65C81 /* RateMyArt */ = {
			isa = PBXNativeTarget;
			buildConfigurationList = DD30C94D2E42490B00A65C81 /* Build configuration list for PBXNativeTarget "RateMyArt" */;
			buildPhases = (
				DD30C9282E42490A00A65C81 /* Sources */,
				DD30C9292E42490A00A65C81 /* Frameworks */,
				DD30C92A2E42490A00A65C81 /* Resources */,
			);
			buildRules = (
			);
			dependencies = (
			);
			fileSystemSynchronizedGroups = (
				DD30C92E2E42490A00A65C81 /* RateMyArt */,
			);
			name = RateMyArt;
			packageProductDependencies = (
				DD2903BE2E425752007C27AE /* FirebaseAnalytics */,
				DD2903C02E425752007C27AE /* FirebaseAnalyticsCore */,
				DD2903C22E425752007C27AE /* FirebaseAnalyticsIdentitySupport */,
				DD57DBB62E43AC0F008D98E8 /* FirebaseCore */,
			);
			productName = RateMyArt;
			productReference = DD30C92C2E42490A00A65C81 /* RateMyArt.app */;
			productType = "com.apple.product-type.application";
		};
		DD30C9382E42490B00A65C81 /* RateMyArtTests */ = {
			isa = PBXNativeTarget;
			buildConfigurationList = DD30C9502E42490B00A65C81 /* Build configuration list for PBXNativeTarget "RateMyArtTests" */;
			buildPhases = (
				DD30C9352E42490B00A65C81 /* Sources */,
				DD30C9362E42490B00A65C81 /* Frameworks */,
				DD30C9372E42490B00A65C81 /* Resources */,
			);
			buildRules = (
			);
			dependencies = (
				DD30C93B2E42490B00A65C81 /* PBXTargetDependency */,
			);
			fileSystemSynchronizedGroups = (
				DD30C93C2E42490B00A65C81 /* RateMyArtTests */,
			);
			name = RateMyArtTests;
			packageProductDependencies = (
			);
			productName = RateMyArtTests;
			productReference = DD30C9392E42490B00A65C81 /* RateMyArtTests.xctest */;
			productType = "com.apple.product-type.bundle.unit-test";
		};
		DD30C9422E42490B00A65C81 /* RateMyArtUITests */ = {
			isa = PBXNativeTarget;
			buildConfigurationList = DD30C9532E42490B00A65C81 /* Build configuration list for PBXNativeTarget "RateMyArtUITests" */;
			buildPhases = (
				DD30C93F2E42490B00A65C81 /* Sources */,
				DD30C9402E42490B00A65C81 /* Frameworks */,
				DD30C9412E42490B00A65C81 /* Resources */,
			);
			buildRules = (
			);
			dependencies = (
				DD30C9452E42490B00A65C81 /* PBXTargetDependency */,
			);
			fileSystemSynchronizedGroups = (
				DD30C9462E42490B00A65C81 /* RateMyArtUITests */,
			);
			name = RateMyArtUITests;
			packageProductDependencies = (
			);
			productName = RateMyArtUITests;
			productReference = DD30C9432E42490B00A65C81 /* RateMyArtUITests.xctest */;
			productType = "com.apple.product-type.bundle.ui-testing";
		};
/* End PBXNativeTarget section */

/* Begin PBXProject section */
		DD30C9242E42490A00A65C81 /* Project object */ = {
			isa = PBXProject;
			attributes = {
				BuildIndependentTargetsInParallel = 1;
				LastSwiftUpdateCheck = 1640;
				LastUpgradeCheck = 1640;
				TargetAttributes = {
					DD30C92B2E42490A00A65C81 = {
						CreatedOnToolsVersion = 16.4;
					};
					DD30C9382E42490B00A65C81 = {
						CreatedOnToolsVersion = 16.4;
						TestTargetID = DD30C92B2E42490A00A65C81;
					};
					DD30C9422E42490B00A65C81 = {
						CreatedOnToolsVersion = 16.4;
						TestTargetID = DD30C92B2E42490A00A65C81;
					};
				};
			};
			buildConfigurationList = DD30C9272E42490A00A65C81 /* Build configuration list for PBXProject "RateMyArt" */;
			developmentRegion = en;
			hasScannedForEncodings = 0;
			knownRegions = (
				en,
				Base,
			);
			mainGroup = DD30C9232E42490A00A65C81;
			minimizedProjectReferenceProxies = 1;
			packageReferences = (
				DD2903BD2E425752007C27AE /* XCRemoteSwiftPackageReference "firebase-ios-sdk" */,
			);
			preferredProjectObjectVersion = 77;
			productRefGroup = DD30C92D2E42490A00A65C81 /* Products */;
			projectDirPath = "";
			projectRoot = "";
			targets = (
				DD30C92B2E42490A00A65C81 /* RateMyArt */,
				DD30C9382E42490B00A65C81 /* RateMyArtTests */,
				DD30C9422E42490B00A65C81 /* RateMyArtUITests */,
			);
		};
/* End PBXProject section */

/* Begin PBXResourcesBuildPhase section */
		DD30C92A2E42490A00A65C81 /* Resources */ = {
			isa = PBXResourcesBuildPhase;
			buildActionMask = 2147483647;
			files = (
			);
			runOnlyForDeploymentPostprocessing = 0;
		};
		DD30C9372E42490B00A65C81 /* Resources */ = {
			isa = PBXResourcesBuildPhase;
			buildActionMask = 2147483647;
			files = (
			);
			runOnlyForDeploymentPostprocessing = 0;
		};
		DD30C9412E42490B00A65C81 /* Resources */ = {
			isa = PBXResourcesBuildPhase;
			buildActionMask = 2147483647;
			files = (
			);
			runOnlyForDeploymentPostprocessing = 0;
		};
/* End PBXResourcesBuildPhase section */

/* Begin PBXSourcesBuildPhase section */
		DD30C9282E42490A00A65C81 /* Sources */ = {
			isa = PBXSourcesBuildPhase;
			buildActionMask = 2147483647;
			files = (
			);
			runOnlyForDeploymentPostprocessing = 0;
		};
		DD30C9352E42490B00A65C81 /* Sources */ = {
			isa = PBXSourcesBuildPhase;
			buildActionMask = 2147483647;
			files = (
			);
			runOnlyForDeploymentPostprocessing = 0;
		};
		DD30C93F2E42490B00A65C81 /* Sources */ = {
			isa = PBXSourcesBuildPhase;
			buildActionMask = 2147483647;
			files = (
			);
			runOnlyForDeploymentPostprocessing = 0;
		};
/* End PBXSourcesBuildPhase section */

/* Begin PBXTargetDependency section */
		DD30C93B2E42490B00A65C81 /* PBXTargetDependency */ = {
			isa = PBXTargetDependency;
			target = DD30C92B2E42490A00A65C81 /* RateMyArt */;
			targetProxy = DD30C93A2E42490B00A65C81 /* PBXContainerItemProxy */;
		};
		DD30C9452E42490B00A65C81 /* PBXTargetDependency */ = {
			isa = PBXTargetDependency;
			target = DD30C92B2E42490A00A65C81 /* RateMyArt */;
			targetProxy = DD30C9442E42490B00A65C81 /* PBXContainerItemProxy */;
		};
/* End PBXTargetDependency section */

/* Begin XCBuildConfiguration section */
		DD30C94B2E42490B00A65C81 /* Debug */ = {
			isa = XCBuildConfiguration;
			buildSettings = {
				ALWAYS_SEARCH_USER_PATHS = NO;
				ASSETCATALOG_COMPILER_GENERATE_SWIFT_ASSET_SYMBOL_EXTENSIONS = YES;
				CLANG_ANALYZER_NONNULL = YES;
				CLANG_ANALYZER_NUMBER_OBJECT_CONVERSION = YES_AGGRESSIVE;
				CLANG_CXX_LANGUAGE_STANDARD = "gnu++20";
				CLANG_ENABLE_MODULES = YES;
				CLANG_ENABLE_OBJC_ARC = YES;
				CLANG_ENABLE_OBJC_WEAK = YES;
				CLANG_WARN_BLOCK_CAPTURE_AUTORELEASING = YES;
				CLANG_WARN_BOOL_CONVERSION = YES;
				CLANG_WARN_COMMA = YES;
				CLANG_WARN_CONSTANT_CONVERSION = YES;
				CLANG_WARN_DEPRECATED_OBJC_IMPLEMENTATIONS = YES;
				CLANG_WARN_DIRECT_OBJC_ISA_USAGE = YES_ERROR;
				CLANG_WARN_DOCUMENTATION_COMMENTS = YES;
				CLANG_WARN_EMPTY_BODY = YES;
				CLANG_WARN_ENUM_CONVERSION = YES;
				CLANG_WARN_INFINITE_RECURSION = YES;
				CLANG_WARN_INT_CONVERSION = YES;
				CLANG_WARN_NON_LITERAL_NULL_CONVERSION = YES;
				CLANG_WARN_OBJC_IMPLICIT_RETAIN_SELF = YES;
				CLANG_WARN_OBJC_LITERAL_CONVERSION = YES;
				CLANG_WARN_OBJC_ROOT_CLASS = YES_ERROR;
				CLANG_WARN_QUOTED_INCLUDE_IN_FRAMEWORK_HEADER = YES;
				CLANG_WARN_RANGE_LOOP_ANALYSIS = YES;
				CLANG_WARN_STRICT_PROTOTYPES = YES;
				CLANG_WARN_SUSPICIOUS_MOVE = YES;
				CLANG_WARN_UNGUARDED_AVAILABILITY = YES_AGGRESSIVE;
				CLANG_WARN_UNREACHABLE_CODE = YES;
				CLANG_WARN__DUPLICATE_METHOD_MATCH = YES;
				COPY_PHASE_STRIP = NO;
				DEBUG_INFORMATION_FORMAT = dwarf;
				DEVELOPMENT_TEAM = 5GCLF7J535;
				ENABLE_STRICT_OBJC_MSGSEND = YES;
				ENABLE_TESTABILITY = YES;
				ENABLE_USER_SCRIPT_SANDBOXING = YES;
				GCC_C_LANGUAGE_STANDARD = gnu17;
				GCC_DYNAMIC_NO_PIC = NO;
				GCC_NO_COMMON_BLOCKS = YES;
				GCC_OPTIMIZATION_LEVEL = 0;
				GCC_PREPROCESSOR_DEFINITIONS = (
					"DEBUG=1",
					"$(inherited)",
				);
				GCC_WARN_64_TO_32_BIT_CONVERSION = YES;
				GCC_WARN_ABOUT_RETURN_TYPE = YES_ERROR;
				GCC_WARN_UNDECLARED_SELECTOR = YES;
				GCC_WARN_UNINITIALIZED_AUTOS = YES_AGGRESSIVE;
				GCC_WARN_UNUSED_FUNCTION = YES;
				GCC_WARN_UNUSED_VARIABLE = YES;
				IPHONEOS_DEPLOYMENT_TARGET = 18.5;
				LOCALIZATION_PREFERS_STRING_CATALOGS = YES;
				MTL_ENABLE_DEBUG_INFO = INCLUDE_SOURCE;
				MTL_FAST_MATH = YES;
				ONLY_ACTIVE_ARCH = YES;
				SDKROOT = iphoneos;
				SWIFT_ACTIVE_COMPILATION_CONDITIONS = "DEBUG $(inherited)";
				SWIFT_OPTIMIZATION_LEVEL = "-Onone";
			};
			name = Debug;
		};
		DD30C94C2E42490B00A65C81 /* Release */ = {
			isa = XCBuildConfiguration;
			buildSettings = {
				ALWAYS_SEARCH_USER_PATHS = NO;
				ASSETCATALOG_COMPILER_GENERATE_SWIFT_ASSET_SYMBOL_EXTENSIONS = YES;
				CLANG_ANALYZER_NONNULL = YES;
				CLANG_ANALYZER_NUMBER_OBJECT_CONVERSION = YES_AGGRESSIVE;
				CLANG_CXX_LANGUAGE_STANDARD = "gnu++20";
				CLANG_ENABLE_MODULES = YES;
				CLANG_ENABLE_OBJC_ARC = YES;
				CLANG_ENABLE_OBJC_WEAK = YES;
				CLANG_WARN_BLOCK_CAPTURE_AUTORELEASING = YES;
				CLANG_WARN_BOOL_CONVERSION = YES;
				CLANG_WARN_COMMA = YES;
				CLANG_WARN_CONSTANT_CONVERSION = YES;
				CLANG_WARN_DEPRECATED_OBJC_IMPLEMENTATIONS = YES;
				CLANG_WARN_DIRECT_OBJC_ISA_USAGE = YES_ERROR;
				CLANG_WARN_DOCUMENTATION_COMMENTS = YES;
				CLANG_WARN_EMPTY_BODY = YES;
				CLANG_WARN_ENUM_CONVERSION = YES;
				CLANG_WARN_INFINITE_RECURSION = YES;
				CLANG_WARN_INT_CONVERSION = YES;
				CLANG_WARN_NON_LITERAL_NULL_CONVERSION = YES;
				CLANG_WARN_OBJC_IMPLICIT_RETAIN_SELF = YES;
				CLANG_WARN_OBJC_LITERAL_CONVERSION = YES;
				CLANG_WARN_OBJC_ROOT_CLASS = YES_ERROR;
				CLANG_WARN_QUOTED_INCLUDE_IN_FRAMEWORK_HEADER = YES;
				CLANG_WARN_RANGE_LOOP_ANALYSIS = YES;
				CLANG_WARN_STRICT_PROTOTYPES = YES;
				CLANG_WARN_SUSPICIOUS_MOVE = YES;
				CLANG_WARN_UNGUARDED_AVAILABILITY = YES_AGGRESSIVE;
				CLANG_WARN_UNREACHABLE_CODE = YES;
				CLANG_WARN__DUPLICATE_METHOD_MATCH = YES;
				COPY_PHASE_STRIP = NO;
				DEBUG_INFORMATION_FORMAT = "dwarf-with-dsym";
				DEVELOPMENT_TEAM = 5GCLF7J535;
				ENABLE_NS_ASSERTIONS = NO;
				ENABLE_STRICT_OBJC_MSGSEND = YES;
				ENABLE_USER_SCRIPT_SANDBOXING = YES;
				GCC_C_LANGUAGE_STANDARD = gnu17;
				GCC_NO_COMMON_BLOCKS = YES;
				GCC_WARN_64_TO_32_BIT_CONVERSION = YES;
				GCC_WARN_ABOUT_RETURN_TYPE = YES_ERROR;
				GCC_WARN_UNDECLARED_SELECTOR = YES;
				GCC_WARN_UNINITIALIZED_AUTOS = YES_AGGRESSIVE;
				GCC_WARN_UNUSED_FUNCTION = YES;
				GCC_WARN_UNUSED_VARIABLE = YES;
				IPHONEOS_DEPLOYMENT_TARGET = 18.5;
				LOCALIZATION_PREFERS_STRING_CATALOGS = YES;
				MTL_ENABLE_DEBUG_INFO = NO;
				MTL_FAST_MATH = YES;
				SDKROOT = iphoneos;
				SWIFT_COMPILATION_MODE = wholemodule;
				VALIDATE_PRODUCT = YES;
			};
			name = Release;
		};
		DD30C94E2E42490B00A65C81 /* Debug */ = {
			isa = XCBuildConfiguration;
			buildSettings = {
				ASSETCATALOG_COMPILER_APPICON_NAME = AppIcon;
				ASSETCATALOG_COMPILER_GLOBAL_ACCENT_COLOR_NAME = AccentColor;
				CODE_SIGN_STYLE = Automatic;
				CURRENT_PROJECT_VERSION = 1;
				DEVELOPMENT_TEAM = 5GCLF7J535;
				ENABLE_PREVIEWS = YES;
				GENERATE_INFOPLIST_FILE = YES;
				INFOPLIST_KEY_UIApplicationSceneManifest_Generation = YES;
				INFOPLIST_KEY_UIApplicationSupportsIndirectInputEvents = YES;
				INFOPLIST_KEY_UILaunchScreen_Generation = YES;
				INFOPLIST_KEY_UISupportedInterfaceOrientations_iPad = "UIInterfaceOrientationPortrait UIInterfaceOrientationPortraitUpsideDown UIInterfaceOrientationLandscapeLeft UIInterfaceOrientationLandscapeRight";
				INFOPLIST_KEY_UISupportedInterfaceOrientations_iPhone = "UIInterfaceOrientationPortrait UIInterfaceOrientationLandscapeLeft UIInterfaceOrientationLandscapeRight";
				LD_RUNPATH_SEARCH_PATHS = (
					"$(inherited)",
					"@executable_path/Frameworks",
				);
				MARKETING_VERSION = 1.0;
				PRODUCT_BUNDLE_IDENTIFIER = com.ratemyart.RateMyArt;
				PRODUCT_NAME = "$(TARGET_NAME)";
				SWIFT_EMIT_LOC_STRINGS = YES;
				SWIFT_VERSION = 5.0;
				TARGETED_DEVICE_FAMILY = "1,2";
			};
			name = Debug;
		};
		DD30C94F2E42490B00A65C81 /* Release */ = {
			isa = XCBuildConfiguration;
			buildSettings = {
				ASSETCATALOG_COMPILER_APPICON_NAME = AppIcon;
				ASSETCATALOG_COMPILER_GLOBAL_ACCENT_COLOR_NAME = AccentColor;
				CODE_SIGN_STYLE = Automatic;
				CURRENT_PROJECT_VERSION = 1;
				DEVELOPMENT_TEAM = 5GCLF7J535;
				ENABLE_PREVIEWS = YES;
				GENERATE_INFOPLIST_FILE = YES;
				INFOPLIST_KEY_UIApplicationSceneManifest_Generation = YES;
				INFOPLIST_KEY_UIApplicationSupportsIndirectInputEvents = YES;
				INFOPLIST_KEY_UILaunchScreen_Generation = YES;
				INFOPLIST_KEY_UISupportedInterfaceOrientations_iPad = "UIInterfaceOrientationPortrait UIInterfaceOrientationPortraitUpsideDown UIInterfaceOrientationLandscapeLeft UIInterfaceOrientationLandscapeRight";
				INFOPLIST_KEY_UISupportedInterfaceOrientations_iPhone = "UIInterfaceOrientationPortrait UIInterfaceOrientationLandscapeLeft UIInterfaceOrientationLandscapeRight";
				LD_RUNPATH_SEARCH_PATHS = (
					"$(inherited)",
					"@executable_path/Frameworks",
				);
				MARKETING_VERSION = 1.0;
				PRODUCT_BUNDLE_IDENTIFIER = com.ratemyart.RateMyArt;
				PRODUCT_NAME = "$(TARGET_NAME)";
				SWIFT_EMIT_LOC_STRINGS = YES;
				SWIFT_VERSION = 5.0;
				TARGETED_DEVICE_FAMILY = "1,2";
			};
			name = Release;
		};
		DD30C9512E42490B00A65C81 /* Debug */ = {
			isa = XCBuildConfiguration;
			buildSettings = {
				BUNDLE_LOADER = "$(TEST_HOST)";
				CODE_SIGN_STYLE = Automatic;
				CURRENT_PROJECT_VERSION = 1;
				DEVELOPMENT_TEAM = 5GCLF7J535;
				GENERATE_INFOPLIST_FILE = YES;
				IPHONEOS_DEPLOYMENT_TARGET = 18.5;
				MARKETING_VERSION = 1.0;
				PRODUCT_BUNDLE_IDENTIFIER = com.ratemyart.RateMyArtTests;
				PRODUCT_NAME = "$(TARGET_NAME)";
				SWIFT_EMIT_LOC_STRINGS = NO;
				SWIFT_VERSION = 5.0;
				TARGETED_DEVICE_FAMILY = "1,2";
				TEST_HOST = "$(BUILT_PRODUCTS_DIR)/RateMyArt.app/$(BUNDLE_EXECUTABLE_FOLDER_PATH)/RateMyArt";
			};
			name = Debug;
		};
		DD30C9522E42490B00A65C81 /* Release */ = {
			isa = XCBuildConfiguration;
			buildSettings = {
				BUNDLE_LOADER = "$(TEST_HOST)";
				CODE_SIGN_STYLE = Automatic;
				CURRENT_PROJECT_VERSION = 1;
				DEVELOPMENT_TEAM = 5GCLF7J535;
				GENERATE_INFOPLIST_FILE = YES;
				IPHONEOS_DEPLOYMENT_TARGET = 18.5;
				MARKETING_VERSION = 1.0;
				PRODUCT_BUNDLE_IDENTIFIER = com.ratemyart.RateMyArtTests;
				PRODUCT_NAME = "$(TARGET_NAME)";
				SWIFT_EMIT_LOC_STRINGS = NO;
				SWIFT_VERSION = 5.0;
				TARGETED_DEVICE_FAMILY = "1,2";
				TEST_HOST = "$(BUILT_PRODUCTS_DIR)/RateMyArt.app/$(BUNDLE_EXECUTABLE_FOLDER_PATH)/RateMyArt";
			};
			name = Release;
		};
		DD30C9542E42490B00A65C81 /* Debug */ = {
			isa = XCBuildConfiguration;
			buildSettings = {
				CODE_SIGN_STYLE = Automatic;
				CURRENT_PROJECT_VERSION = 1;
				DEVELOPMENT_TEAM = 5GCLF7J535;
				GENERATE_INFOPLIST_FILE = YES;
				MARKETING_VERSION = 1.0;
				PRODUCT_BUNDLE_IDENTIFIER = com.ratemyart.RateMyArtUITests;
				PRODUCT_NAME = "$(TARGET_NAME)";
				SWIFT_EMIT_LOC_STRINGS = NO;
				SWIFT_VERSION = 5.0;
				TARGETED_DEVICE_FAMILY = "1,2";
				TEST_TARGET_NAME = RateMyArt;
			};
			name = Debug;
		};
		DD30C9552E42490B00A65C81 /* Release */ = {
			isa = XCBuildConfiguration;
			buildSettings = {
				CODE_SIGN_STYLE = Automatic;
				CURRENT_PROJECT_VERSION = 1;
				DEVELOPMENT_TEAM = 5GCLF7J535;
				GENERATE_INFOPLIST_FILE = YES;
				MARKETING_VERSION = 1.0;
				PRODUCT_BUNDLE_IDENTIFIER = com.ratemyart.RateMyArtUITests;
				PRODUCT_NAME = "$(TARGET_NAME)";
				SWIFT_EMIT_LOC_STRINGS = NO;
				SWIFT_VERSION = 5.0;
				TARGETED_DEVICE_FAMILY = "1,2";
				TEST_TARGET_NAME = RateMyArt;
			};
			name = Release;
		};
/* End XCBuildConfiguration section */

/* Begin XCConfigurationList section */
		DD30C9272E42490A00A65C81 /* Build configuration list for PBXProject "RateMyArt" */ = {
			isa = XCConfigurationList;
			buildConfigurations = (
				DD30C94B2E42490B00A65C81 /* Debug */,
				DD30C94C2E42490B00A65C81 /* Release */,
			);
			defaultConfigurationIsVisible = 0;
			defaultConfigurationName = Release;
		};
		DD30C94D2E42490B00A65C81 /* Build configuration list for PBXNativeTarget "RateMyArt" */ = {
			isa = XCConfigurationList;
			buildConfigurations = (
				DD30C94E2E42490B00A65C81 /* Debug */,
				DD30C94F2E42490B00A65C81 /* Release */,
			);
			defaultConfigurationIsVisible = 0;
			defaultConfigurationName = Release;
		};
		DD30C9502E42490B00A65C81 /* Build configuration list for PBXNativeTarget "RateMyArtTests" */ = {
			isa = XCConfigurationList;
			buildConfigurations = (
				DD30C9512E42490B00A65C81 /* Debug */,
				DD30C9522E42490B00A65C81 /* Release */,
			);
			defaultConfigurationIsVisible = 0;
			defaultConfigurationName = Release;
		};
		DD30C9532E42490B00A65C81 /* Build configuration list for PBXNativeTarget "RateMyArtUITests" */ = {
			isa = XCConfigurationList;
			buildConfigurations = (
				DD30C9542E42490B00A65C81 /* Debug */,
				DD30C9552E42490B00A65C81 /* Release */,
			);
			defaultConfigurationIsVisible = 0;
			defaultConfigurationName = Release;
		};
/* End XCConfigurationList section */

/* Begin XCRemoteSwiftPackageReference section */
		DD2903BD2E425752007C27AE /* XCRemoteSwiftPackageReference "firebase-ios-sdk" */ = {
			isa = XCRemoteSwiftPackageReference;
			repositoryURL = "https://github.com/firebase/firebase-ios-sdk";
			requirement = {
				kind = upToNextMajorVersion;
				minimumVersion = 12.1.0;
			};
		};
/* End XCRemoteSwiftPackageReference section */

/* Begin XCSwiftPackageProductDependency section */
		DD2903BE2E425752007C27AE /* FirebaseAnalytics */ = {
			isa = XCSwiftPackageProductDependency;
			package = DD2903BD2E425752007C27AE /* XCRemoteSwiftPackageReference "firebase-ios-sdk" */;
			productName = FirebaseAnalytics;
		};
		DD2903C02E425752007C27AE /* FirebaseAnalyticsCore */ = {
			isa = XCSwiftPackageProductDependency;
			package = DD2903BD2E425752007C27AE /* XCRemoteSwiftPackageReference "firebase-ios-sdk" */;
			productName = FirebaseAnalyticsCore;
		};
		DD2903C22E425752007C27AE /* FirebaseAnalyticsIdentitySupport */ = {
			isa = XCSwiftPackageProductDependency;
			package = DD2903BD2E425752007C27AE /* XCRemoteSwiftPackageReference "firebase-ios-sdk" */;
			productName = FirebaseAnalyticsIdentitySupport;
		};
		DD57DBB62E43AC0F008D98E8 /* FirebaseCore */ = {
			isa = XCSwiftPackageProductDependency;
			package = DD2903BD2E425752007C27AE /* XCRemoteSwiftPackageReference "firebase-ios-sdk" */;
			productName = FirebaseCore;
		};
/* End XCSwiftPackageProductDependency section */
	};
	rootObject = DD30C9242E42490A00A65C81 /* Project object */;
}
